<?xml version="1.0" encoding="utf-8"?>
<Project ToolsVersion="4.0" xmlns="http://schemas.microsoft.com/developer/msbuild/2003">
  <ItemGroup>
    <Filter Include="Source Files">
      <UniqueIdentifier>{4FC737F1-C7A5-4376-A066-2A32D752A2FF}</UniqueIdentifier>
      <Extensions>cpp;c;cc;cxx;def;odl;idl;hpj;bat;asm;asmx</Extensions>
    </Filter>
    <Filter Include="Header Files">
      <UniqueIdentifier>{93995380-89BD-4b04-88EB-625FBE52EBFB}</UniqueIdentifier>
      <Extensions>h;hpp;hxx;hm;inl;inc;xsd</Extensions>
    </Filter>
    <Filter Include="Resource Files">
      <UniqueIdentifier>{67DA6AB6-F800-4c08-8B7A-83BB121AAD01}</UniqueIdentifier>
      <Extensions>rc;ico;cur;bmp;dlg;rc2;rct;bin;rgs;gif;jpg;jpeg;jpe;resx;tiff;tif;png;wav;mfcribbon-ms</Extensions>
    </Filter>
    <Filter Include="Driver Files">
      <UniqueIdentifier>{8E41214B-6785-4CFE-B992-037D68949A14}</UniqueIdentifier>
      <Extensions>inf;inv;inx;mof;mc;</Extensions>
    </Filter>
    <Filter Include="Source Files\Common">
      <UniqueIdentifier>{98af5170-87fe-43fd-9441-3d7b869caa11}</UniqueIdentifier>
    </Filter>
    <Filter Include="Source Files\Crypto">
      <UniqueIdentifier>{a7aa6bfc-4e4b-44c4-a761-245d00ad151c}</UniqueIdentifier>
    </Filter>
  </ItemGroup>
  <ItemGroup>
    <Inf Include="efiDriver.inf">
      <Filter>Driver Files</Filter>
    </Inf>
  </ItemGroup>
  <ItemGroup>
    <ClCompile Include="..\Common\Cache.c">
      <Filter>Source Files\Common</Filter>
    </ClCompile>
    <ClCompile Include="..\Common\Crc.c">
      <Filter>Source Files\Common</Filter>
    </ClCompile>
    <ClCompile Include="..\Common\Crypto.c">
      <Filter>Source Files\Common</Filter>
    </ClCompile>
    <ClCompile Include="..\Common\EncryptionThreadPool.c">
      <Filter>Source Files\Common</Filter>
    </ClCompile>
    <ClCompile Include="..\Common\Endian.c">
      <Filter>Source Files\Common</Filter>
    </ClCompile>
    <ClCompile Include="..\Common\GfMul.c">
      <Filter>Source Files\Common</Filter>
    </ClCompile>
    <ClCompile Include="..\Common\Pkcs5.c">
      <Filter>Source Files\Common</Filter>
    </ClCompile>
    <ClCompile Include="..\Common\Tests.c">
      <Filter>Source Files\Common</Filter>
    </ClCompile>
    <ClCompile Include="..\Common\Volumes.c">
      <Filter>Source Files\Common</Filter>
    </ClCompile>
    <ClCompile Include="..\Common\Wipe.c">
      <Filter>Source Files\Common</Filter>
    </ClCompile>
    <ClCompile Include="..\Common\Xts.c">
      <Filter>Source Files\Common</Filter>
    </ClCompile>
    <ClCompile Include="..\Crypto\Aeskey.c">
      <Filter>Source Files\Crypto</Filter>
    </ClCompile>
    <ClCompile Include="..\Crypto\Aestab.c">
      <Filter>Source Files\Crypto</Filter>
    </ClCompile>
    <ClCompile Include="..\Crypto\Blowfish.c">
      <Filter>Source Files\Crypto</Filter>
    </ClCompile>
    <ClCompile Include="..\Crypto\Cast.c">
      <Filter>Source Files\Crypto</Filter>
    </ClCompile>
    <ClCompile Include="..\Crypto\Des.c">
      <Filter>Source Files\Crypto</Filter>
    </ClCompile>
    <ClCompile Include="..\Crypto\Rmd160.c">
      <Filter>Source Files\Crypto</Filter>
    </ClCompile>
    <ClCompile Include="..\Crypto\Serpent.c">
      <Filter>Source Files\Crypto</Filter>
    </ClCompile>
    <ClCompile Include="..\Crypto\Sha1.c">
      <Filter>Source Files\Crypto</Filter>
    </ClCompile>
    <ClCompile Include="..\Crypto\Sha2.c">
      <Filter>Source Files\Crypto</Filter>
    </ClCompile>
    <ClCompile Include="..\Crypto\Twofish.c">
      <Filter>Source Files\Crypto</Filter>
    </ClCompile>
    <ClCompile Include="..\Crypto\Whirlpool.c">
      <Filter>Source Files\Crypto</Filter>
    </ClCompile>
    <ClCompile Include="..\Driver\DriveFilter.c">
      <Filter>Source Files</Filter>
    </ClCompile>
    <ClCompile Include="..\Driver\DumpFilter.c">
      <Filter>Source Files</Filter>
    </ClCompile>
    <ClCompile Include="..\Driver\EncryptedIoQueue.c">
      <Filter>Source Files</Filter>
    </ClCompile>
    <ClCompile Include="..\Driver\Ntdriver.c">
      <Filter>Source Files</Filter>
    </ClCompile>
    <ClCompile Include="..\Driver\Ntvol.c">
      <Filter>Source Files</Filter>
    </ClCompile>
    <ClCompile Include="..\Driver\VolumeFilter.c">
      <Filter>Source Files</Filter>
    </ClCompile>
  </ItemGroup>
  <ItemGroup>
    <ClInclude Include="..\Common\Apidrvr.h">
      <Filter>Header Files</Filter>
    </ClInclude>
    <ClInclude Include="..\Common\Cache.h">
      <Filter>Header Files</Filter>
    </ClInclude>
    <ClInclude Include="..\Common\Common.h">
      <Filter>Header Files</Filter>
    </ClInclude>
    <ClInclude Include="..\Common\constants.h">
      <Filter>Header Files</Filter>
    </ClInclude>
    <ClInclude Include="..\Driver\DriveFilter.h">
      <Filter>Header Files</Filter>
    </ClInclude>
    <ClInclude Include="..\Driver\DumpFilter.h">
      <Filter>Header Files</Filter>
    </ClInclude>
    <ClInclude Include="..\Driver\EncryptedIoQueue.h">
      <Filter>Header Files</Filter>
    </ClInclude>
    <ClInclude Include="..\Common\EncryptionThreadPool.h">
      <Filter>Header Files</Filter>
    </ClInclude>
    <ClInclude Include="..\Common\GfMul.h">
      <Filter>Header Files</Filter>
    </ClInclude>
    <ClInclude Include="..\Driver\Ntdriver.h">
      <Filter>Header Files</Filter>
    </ClInclude>
    <ClInclude Include="..\Driver\Ntvol.h">
      <Filter>Header Files</Filter>
    </ClInclude>
    <ClInclude Include="..\Driver\resource.h">
      <Filter>Header Files</Filter>
    </ClInclude>
    <ClInclude Include="..\Common\Tcdefs.h">
      <Filter>Header Files</Filter>
    </ClInclude>
    <ClInclude Include="..\Driver\VolumeFilter.h">
      <Filter>Header Files</Filter>
    </ClInclude>
    <ClInclude Include="..\Common\Volumes.h">
      <Filter>Header Files</Filter>
    </ClInclude>
    <ClInclude Include="..\Common\Wipe.h">
      <Filter>Header Files</Filter>
    </ClInclude>
    <ClInclude Include="..\Common\Xts.h">
      <Filter>Header Files</Filter>
    </ClInclude>
    <ClInclude Include="..\Boot\EFI\cs_common.h">
      <Filter>Header Files</Filter>
    </ClInclude>
  </ItemGroup>
  <ItemGroup>
    <ResourceCompile Include="..\Driver\Driver.rc">
      <Filter>Resource Files</Filter>
    </ResourceCompile>
  </ItemGroup>
  <ItemGroup>
    <CustomBuild Include="..\Crypto\Aes_hw_cpu.asm">
      <Filter>Source Files\Crypto</Filter>
    </CustomBuild>
    <CustomBuild Include="..\Crypto\Aes_x64.asm">
      <Filter>Source Files\Crypto</Filter>
    </CustomBuild>
    <CustomBuild Include="..\Crypto\Aes_x86.asm">
      <Filter>Source Files\Crypto</Filter>
    </CustomBuild>
  </ItemGroup>
</Project>